
Microsoft Visual Studio Solution File, Format Version 12.00
# Visual Studio Version 17
VisualStudioVersion = 17.5.002.0
MinimumVisualStudioVersion = 10.0.40219.1
Project("{9A19103F-16F7-4668-BE54-9A1E7A4F7556}") = "StatAnalyzer", "StatAnalyzer.csproj", "{158B726A-F806-4B51-B20F-47EF8AA7A2EB}"
EndProject
Project("{FAE04EC0-301F-11D3-BF4B-00C04F79EFBC}") = "StatAnalyzerTests", "..\test\StatAnalyzerTests.csproj", "{72C07B97-4AF2-44C0-8786-44FEDDC29F72}"
EndProject
Global
	GlobalSection(SolutionConfigurationPlatforms) = preSolution
		Debug|Any CPU = Debug|Any CPU
		Release|Any CPU = Release|Any CPU
	EndGlobalSection
	GlobalSection(ProjectConfigurationPlatforms) = postSolution
		{158B726A-F806-4B51-B20F-47EF8AA7A2EB}.Debug|Any CPU.ActiveCfg = Debug|Any CPU
		{158B726A-F806-4B51-B20F-47EF8AA7A2EB}.Debug|Any CPU.Build.0 = Debug|Any CPU
		{158B726A-F806-4B51-B20F-47EF8AA7A2EB}.Release|Any CPU.ActiveCfg = Release|Any CPU
		{158B726A-F806-4B51-B20F-47EF8AA7A2EB}.Release|Any CPU.Build.0 = Release|Any CPU
		{72C07B97-4AF2-44C0-8786-44FEDDC29F72}.Debug|Any CPU.ActiveCfg = Debug|Any CPU
		{72C07B97-4AF2-44C0-8786-44FEDDC29F72}.Debug|Any CPU.Build.0 = Debug|Any CPU
		{72C07B97-4AF2-44C0-8786-44FEDDC29F72}.Release|Any CPU.ActiveCfg = Release|Any CPU
		{72C07B97-4AF2-44C0-8786-44FEDDC29F72}.Release|Any CPU.Build.0 = Release|Any CPU
	EndGlobalSection
	GlobalSection(SolutionProperties) = preSolution
		HideSolutionNode = FALSE
	EndGlobalSection
	GlobalSection(ExtensibilityGlobals) = postSolution
		SolutionGuid = {12B5D1F2-DE6A-4D79-9B6A-44EAFFAE15E0}
	EndGlobalSection
EndGlobal
